
Microsoft Visual Studio Solution File, Format Version 12.00
# Visual Studio 14
VisualStudioVersion = 14.0.25420.1
MinimumVisualStudioVersion = 10.0.40219.1
Project("{FAE04EC0-301F-11D3-BF4B-00C04F79EFBC}") = "01. House Price", "01. House Price\01. House Price.csproj", "{4FA362B1-FF69-442F-AF7E-F13A54A930BC}"
EndProject
Project("{FAE04EC0-301F-11D3-BF4B-00C04F79EFBC}") = "02. Flower Shop", "02. Flower Shop\02. Flower Shop.csproj", "{C83E120E-5860-45C7-915D-9E83BD5F6664}"
EndProject
Project("{FAE04EC0-301F-11D3-BF4B-00C04F79EFBC}") = "03. Bike Race", "03. Bike Race\03. Bike Race.csproj", "{56F6E94F-A179-40DD-885E-3D89BD3BBF92}"
EndProject
Project("{FAE04EC0-301F-11D3-BF4B-00C04F79EFBC}") = "04. Logistics", "04. Logistics\04. Logistics.csproj", "{5AC03FBB-2B53-4583-AC59-69E8294D438B}"
EndProject
Project("{FAE04EC0-301F-11D3-BF4B-00C04F79EFBC}") = "05. Rocket", "05. Rocket\05. Rocket.csproj", "{A0529061-5CBE-4AA0-A770-3FDC8D83D506}"
EndProject
Project("{FAE04EC0-301F-11D3-BF4B-00C04F79EFBC}") = "06. Max Combination", "06. Max Combination\06. Max Combination.csproj", "{40F290B2-326D-4816-8217-8CCC4D5E9BAB}"
EndProject
Global
	GlobalSection(SolutionConfigurationPlatforms) = preSolution
		Debug|Any CPU = Debug|Any CPU
		Release|Any CPU = Release|Any CPU
	EndGlobalSection
	GlobalSection(ProjectConfigurationPlatforms) = postSolution
		{4FA362B1-FF69-442F-AF7E-F13A54A930BC}.Debug|Any CPU.ActiveCfg = Debug|Any CPU
		{4FA362B1-FF69-442F-AF7E-F13A54A930BC}.Debug|Any CPU.Build.0 = Debug|Any CPU
		{4FA362B1-FF69-442F-AF7E-F13A54A930BC}.Release|Any CPU.ActiveCfg = Release|Any CPU
		{4FA362B1-FF69-442F-AF7E-F13A54A930BC}.Release|Any CPU.Build.0 = Release|Any CPU
		{C83E120E-5860-45C7-915D-9E83BD5F6664}.Debug|Any CPU.ActiveCfg = Debug|Any CPU
		{C83E120E-5860-45C7-915D-9E83BD5F6664}.Debug|Any CPU.Build.0 = Debug|Any CPU
		{C83E120E-5860-45C7-915D-9E83BD5F6664}.Release|Any CPU.ActiveCfg = Release|Any CPU
		{C83E120E-5860-45C7-915D-9E83BD5F6664}.Release|Any CPU.Build.0 = Release|Any CPU
		{56F6E94F-A179-40DD-885E-3D89BD3BBF92}.Debug|Any CPU.ActiveCfg = Debug|Any CPU
		{56F6E94F-A179-40DD-885E-3D89BD3BBF92}.Debug|Any CPU.Build.0 = Debug|Any CPU
		{56F6E94F-A179-40DD-885E-3D89BD3BBF92}.Release|Any CPU.ActiveCfg = Release|Any CPU
		{56F6E94F-A179-40DD-885E-3D89BD3BBF92}.Release|Any CPU.Build.0 = Release|Any CPU
		{5AC03FBB-2B53-4583-AC59-69E8294D438B}.Debug|Any CPU.ActiveCfg = Debug|Any CPU
		{5AC03FBB-2B53-4583-AC59-69E8294D438B}.Debug|Any CPU.Build.0 = Debug|Any CPU
		{5AC03FBB-2B53-4583-AC59-69E8294D438B}.Release|Any CPU.ActiveCfg = Release|Any CPU
		{5AC03FBB-2B53-4583-AC59-69E8294D438B}.Release|Any CPU.Build.0 = Release|Any CPU
		{A0529061-5CBE-4AA0-A770-3FDC8D83D506}.Debug|Any CPU.ActiveCfg = Debug|Any CPU
		{A0529061-5CBE-4AA0-A770-3FDC8D83D506}.Debug|Any CPU.Build.0 = Debug|Any CPU
		{A0529061-5CBE-4AA0-A770-3FDC8D83D506}.Release|Any CPU.ActiveCfg = Release|Any CPU
		{A0529061-5CBE-4AA0-A770-3FDC8D83D506}.Release|Any CPU.Build.0 = Release|Any CPU
		{40F290B2-326D-4816-8217-8CCC4D5E9BAB}.Debug|Any CPU.ActiveCfg = Debug|Any CPU
		{40F290B2-326D-4816-8217-8CCC4D5E9BAB}.Debug|Any CPU.Build.0 = Debug|Any CPU
		{40F290B2-326D-4816-8217-8CCC4D5E9BAB}.Release|Any CPU.ActiveCfg = Release|Any CPU
		{40F290B2-326D-4816-8217-8CCC4D5E9BAB}.Release|Any CPU.Build.0 = Release|Any CPU
	EndGlobalSection
	GlobalSection(SolutionProperties) = preSolution
		HideSolutionNode = FALSE
	EndGlobalSection
EndGlobal
